lockfileVersion: '6.0'

settings:
  autoInstallPeers: true
  excludeLinksFromLockfile: false

devDependencies:
  '@biomejs/biome':
    specifier: ^1.3.3
    version: 1.3.3
  '@types/node':
    specifier: ^20.9.0
    version: 20.9.0

packages:

  /@biomejs/biome@1.3.3:
    resolution: {integrity: sha512-vTJn7RBzLWIabUuUIoEopO860YyBrbPEu4Pztfd28jRU5QD074hKZ9IQs24pFO6A2R296gaeYmN62f4u7pUruQ==}
    engines: {node: '>=14.*'}
    hasBin: true
    requiresBuild: true
    optionalDependencies:
      '@biomejs/cli-darwin-arm64': 1.3.3
      '@biomejs/cli-darwin-x64': 1.3.3
      '@biomejs/cli-linux-arm64': 1.3.3
      '@biomejs/cli-linux-x64': 1.3.3
      '@biomejs/cli-win32-arm64': 1.3.3
      '@biomejs/cli-win32-x64': 1.3.3
    dev: true

  /@biomejs/cli-darwin-arm64@1.3.3:
    resolution: {integrity: sha512-2X87ZfbmWwe4NGukrUvnoYdI//muSgjNUCAHJ2DO+kS1sB7kDy1s6PN/IYyTJuqRcJtDuOnSpaUDE7KxR1YhtA==}
    engines: {node: '>=14.*'}
    cpu: [arm64]
    os: [darwin]
    requiresBuild: true
    dev: true
    optional: true

  /@biomejs/cli-darwin-x64@1.3.3:
    resolution: {integrity: sha512-t+7DWTCbSgHOBcPsGKuwS1qh1z9zbXFK8i8ktE18yW7iF/W0zI62k44fYqYeFJKlb0Q08aqUvez3L+AQJFsn+w==}
    engines: {node: '>=14.*'}
    cpu: [x64]
    os: [darwin]
    requiresBuild: true
    dev: true
    optional: true

  /@biomejs/cli-linux-arm64@1.3.3:
    resolution: {integrity: sha512-D8CvXaB8lkXXBQ6B3n0MXSSZFiE60+aNHorBLimVTtKiMod8QvAP425oQFZFul5wMXZqPLGTKFjXbAi/rvnc1A==}
    engines: {node: '>=14.*'}
    cpu: [arm64]
    os: [linux]
    requiresBuild: true
    dev: true
    optional: true

  /@biomejs/cli-linux-x64@1.3.3:
    resolution: {integrity: sha512-bqB05fwJnRZwRlcm/BS/s4qPickqiXZkiU/nOYvHApfsPeqgSHgv5HWoBYuSUjgqBbX3XZJArsC5dCcVW7vAJw==}
    engines: {node: '>=14.*'}
    cpu: [x64]
    os: [linux]
    requiresBuild: true
    dev: true
    optional: true

  /@biomejs/cli-win32-arm64@1.3.3:
    resolution: {integrity: sha512-muFOjAv1ONMfaJDlo4Ds+Qb9lkdSLM2XaxOe3AJPejSq3Vi0aRr51ZnE02BofMnL2sVsOA9cO54wibsuTcopbw==}
    engines: {node: '>=14.*'}
    cpu: [arm64]
    os: [win32]
    requiresBuild: true
    dev: true
    optional: true

  /@biomejs/cli-win32-x64@1.3.3:
    resolution: {integrity: sha512-PMkMhS4smmmTMflxuZUx3REFSazEL9xsGscvZO1dKWI4ET23la+KxEM4TlSpjOyO66UerqSkuUlZecn0QhD63A==}
    engines: {node: '>=14.*'}
    cpu: [x64]
    os: [win32]
    requiresBuild: true
    dev: true
    optional: true

  /@types/node@20.9.0:
    resolution: {integrity: sha512-nekiGu2NDb1BcVofVcEKMIwzlx4NjHlcjhoxxKBNLtz15Y1z7MYf549DFvkHSId02Ax6kGwWntIBPC3l/JZcmw==}
    dependencies:
      undici-types: 5.26.5
    dev: true

  /undici-types@5.26.5:
    resolution: {integrity: sha512-JlCMO+ehdEIKqlFxk6IfVoAUVmgz7cU7zD/h9XZ0qzeosSHmUJVOzSQvvYSYWXkFXC+IfLKSIffhv0sVZup6pA==}
    dev: true
